{
  "name": "test-workspaces",
  "version": "1.0.0",
  "lockfileVersion": 3,
  "requires": true,
  "packages": {
    "": {
      "name": "test-workspaces",
      "version": "1.0.0",
      "license": "ISC",
      "workspaces": {
        "packages": [
          "frontend",
          "backend",
          "lib"
        ]
      }
    },
    "backend": {
      "version": "1.0.0",
      "license": "ISC",
      "devDependencies": {
        "nest": "^0.1.6"
      }
    },
    "frontend": {
      "version": "1.0.0",
      "license": "ISC",
      "dependencies": {
        "lodash": "^4.17.21"
      },
      "bin": {
        "mdb": "index.js"
      },
      "devDependencies": {
        "dayjs": "^1.11.9"
      }
    },
    "lib": {
      "version": "1.0.0",
      "license": "ISC"
    },
    "node_modules/backend": {
      "resolved": "backend",
      "link": true
    },
    "node_modules/dayjs": {
      "version": "1.11.9",
      "resolved": "https://registry.npmjs.org/dayjs/-/dayjs-1.11.9.tgz",
      "integrity": "sha512-QvzAURSbQ0pKdIye2txOzNaHmxtUBXerpY0FJsFXUMKbIZeFm5ht1LS/jFsrncjnmtv8HsG0W2g6c0zUjZWmpA==",
      "dev": true
    },
    "node_modules/frontend": {
      "resolved": "frontend",
      "link": true
    },
    "node_modules/lib": {
      "resolved": "lib",
      "link": true
    },
    "node_modules/lodash": {
      "version": "4.17.21",
      "resolved": "https://registry.npmjs.org/lodash/-/lodash-4.17.21.tgz",
      "integrity": "sha512-v2kDEe57lecTulaDIuNTPy3Ry4gLGJ6Z1O3vE1krgXZNrsQ+LFTGHVxVjcXPs17LhbZVGedAJv8XZ1tvj5FvSg=="
    },
    "node_modules/nest": {
      "version": "0.1.6",
      "resolved": "https://registry.npmjs.org/nest/-/nest-0.1.6.tgz",
      "integrity": "sha512-21378J/6pHB9EZMId5yz9DaxVj778pCHhzfXhRLLrLWZydpLgbsyxL5B5QyTSWJBk5L8XbiGgMvNZMb/qBySYg==",
      "dev": true,
      "engines": {
        "node": "*"
      }
    }
  }
}
